
Microsoft Visual Studio Solution File, Format Version 12.00
# Visual Studio 2013
VisualStudioVersion = 12.0.31101.0
MinimumVisualStudioVersion = 10.0.40219.1
Project("{FAE04EC0-301F-11D3-BF4B-00C04F79EFBC}") = "01.Shapes", "01.Shapes\01.Shapes.csproj", "{B9288D14-9F4F-4424-A0DD-558ECB1EA2E4}"
EndProject
Project("{FAE04EC0-301F-11D3-BF4B-00C04F79EFBC}") = "02.BankAccounts", "02.BankAccounts\02.BankAccounts.csproj", "{71AFC770-F434-4D1C-9D6D-2CAF8B95F9C7}"
EndProject
Project("{FAE04EC0-301F-11D3-BF4B-00C04F79EFBC}") = "03.RangeExceptions", "03.RangeExceptions\03.RangeExceptions.csproj", "{1C788176-4510-409B-9431-AA8607F01D0C}"
EndProject
Global
	GlobalSection(SolutionConfigurationPlatforms) = preSolution
		Debug|Any CPU = Debug|Any CPU
		Release|Any CPU = Release|Any CPU
	EndGlobalSection
	GlobalSection(ProjectConfigurationPlatforms) = postSolution
		{B9288D14-9F4F-4424-A0DD-558ECB1EA2E4}.Debug|Any CPU.ActiveCfg = Debug|Any CPU
		{B9288D14-9F4F-4424-A0DD-558ECB1EA2E4}.Debug|Any CPU.Build.0 = Debug|Any CPU
		{B9288D14-9F4F-4424-A0DD-558ECB1EA2E4}.Release|Any CPU.ActiveCfg = Release|Any CPU
		{B9288D14-9F4F-4424-A0DD-558ECB1EA2E4}.Release|Any CPU.Build.0 = Release|Any CPU
		{71AFC770-F434-4D1C-9D6D-2CAF8B95F9C7}.Debug|Any CPU.ActiveCfg = Debug|Any CPU
		{71AFC770-F434-4D1C-9D6D-2CAF8B95F9C7}.Debug|Any CPU.Build.0 = Debug|Any CPU
		{71AFC770-F434-4D1C-9D6D-2CAF8B95F9C7}.Release|Any CPU.ActiveCfg = Release|Any CPU
		{71AFC770-F434-4D1C-9D6D-2CAF8B95F9C7}.Release|Any CPU.Build.0 = Release|Any CPU
		{1C788176-4510-409B-9431-AA8607F01D0C}.Debug|Any CPU.ActiveCfg = Debug|Any CPU
		{1C788176-4510-409B-9431-AA8607F01D0C}.Debug|Any CPU.Build.0 = Debug|Any CPU
		{1C788176-4510-409B-9431-AA8607F01D0C}.Release|Any CPU.ActiveCfg = Release|Any CPU
		{1C788176-4510-409B-9431-AA8607F01D0C}.Release|Any CPU.Build.0 = Release|Any CPU
	EndGlobalSection
	GlobalSection(SolutionProperties) = preSolution
		HideSolutionNode = FALSE
	EndGlobalSection
EndGlobal
